// !$*UTF8*$!
{
	archiveVersion = 1;
	classes = {
	};
	objectVersion = 55;
	objects = {

/* Begin PBXBuildFile section */
		723CD16C2787537B00549078 /* AppDelegate.swift in Sources */ = {isa = PBXBuildFile; fileRef = 723CD16B2787537B00549078 /* AppDelegate.swift */; };
		723CD16E2787537B00549078 /* SceneDelegate.swift in Sources */ = {isa = PBXBuildFile; fileRef = 723CD16D2787537B00549078 /* SceneDelegate.swift */; };
		723CD1702787537B00549078 /* ViewController.swift in Sources */ = {isa = PBXBuildFile; fileRef = 723CD16F2787537B00549078 /* ViewController.swift */; };
		723CD1732787537B00549078 /* Main.storyboard in Resources */ = {isa = PBXBuildFile; fileRef = 723CD1712787537B00549078 /* Main.storyboard */; };
		723CD1752787538000549078 /* Assets.xcassets in Resources */ = {isa = PBXBuildFile; fileRef = 723CD1742787538000549078 /* Assets.xcassets */; };
		723CD1782787538000549078 /* LaunchScreen.storyboard in Resources */ = {isa = PBXBuildFile; fileRef = 723CD1762787538000549078 /* LaunchScreen.storyboard */; };
		723CD1832787538100549078 /* aprendendo_iosTests.swift in Sources */ = {isa = PBXBuildFile; fileRef = 723CD1822787538100549078 /* aprendendo_iosTests.swift */; };
		723CD18D2787538100549078 /* aprendendo_iosUITests.swift in Sources */ = {isa = PBXBuildFile; fileRef = 723CD18C2787538100549078 /* aprendendo_iosUITests.swift */; };
		723CD18F2787538100549078 /* aprendendo_iosUITestsLaunchTests.swift in Sources */ = {isa = PBXBuildFile; fileRef = 723CD18E2787538100549078 /* aprendendo_iosUITestsLaunchTests.swift */; };
/* End PBXBuildFile section */

/* Begin PBXContainerItemProxy section */
		723CD17F2787538100549078 /* PBXContainerItemProxy */ = {
			isa = PBXContainerItemProxy;
			containerPortal = 723CD1602787537B00549078 /* Project object */;
			proxyType = 1;
			remoteGlobalIDString = 723CD1672787537B00549078;
			remoteInfo = "aprendendo-ios";
		};
		723CD1892787538100549078 /* PBXContainerItemProxy */ = {
			isa = PBXContainerItemProxy;
			containerPortal = 723CD1602787537B00549078 /* Project object */;
			proxyType = 1;
			remoteGlobalIDString = 723CD1672787537B00549078;
			remoteInfo = "aprendendo-ios";
		};
/* End PBXContainerItemProxy section */

/* Begin PBXFileReference section */
		723CD1682787537B00549078 /* aprendendo-ios.app */ = {isa = PBXFileReference; explicitFileType = wrapper.application; includeInIndex = 0; path = "aprendendo-ios.app"; sourceTree = BUILT_PRODUCTS_DIR; };
		723CD16B2787537B00549078 /* AppDelegate.swift */ = {isa = PBXFileReference; lastKnownFileType = sourcecode.swift; path = AppDelegate.swift; sourceTree = "<group>"; };
		723CD16D2787537B00549078 /* SceneDelegate.swift */ = {isa = PBXFileReference; lastKnownFileType = sourcecode.swift; path = SceneDelegate.swift; sourceTree = "<group>"; };
		723CD16F2787537B00549078 /* ViewController.swift */ = {isa = PBXFileReference; lastKnownFileType = sourcecode.swift; path = ViewController.swift; sourceTree = "<group>"; };
		723CD1722787537B00549078 /* Base */ = {isa = PBXFileReference; lastKnownFileType = file.storyboard; name = Base; path = Base.lproj/Main.storyboard; sourceTree = "<group>"; };
		723CD1742787538000549078 /* Assets.xcassets */ = {isa = PBXFileReference; lastKnownFileType = folder.assetcatalog; path = Assets.xcassets; sourceTree = "<group>"; };
		723CD1772787538000549078 /* Base */ = {isa = PBXFileReference; lastKnownFileType = file.storyboard; name = Base; path = Base.lproj/LaunchScreen.storyboard; sourceTree = "<group>"; };
		723CD1792787538000549078 /* Info.plist */ = {isa = PBXFileReference; lastKnownFileType = text.plist.xml; path = Info.plist; sourceTree = "<group>"; };
		723CD17E2787538100549078 /* aprendendo-iosTests.xctest */ = {isa = PBXFileReference; explicitFileType = wrapper.cfbundle; includeInIndex = 0; path = "aprendendo-iosTests.xctest"; sourceTree = BUILT_PRODUCTS_DIR; };
		723CD1822787538100549078 /* aprendendo_iosTests.swift */ = {isa = PBXFileReference; lastKnownFileType = sourcecode.swift; path = aprendendo_iosTests.swift; sourceTree = "<group>"; };
		723CD1882787538100549078 /* aprendendo-iosUITests.xctest */ = {isa = PBXFileReference; explicitFileType = wrapper.cfbundle; includeInIndex = 0; path = "aprendendo-iosUITests.xctest"; sourceTree = BUILT_PRODUCTS_DIR; };
		723CD18C2787538100549078 /* aprendendo_iosUITests.swift */ = {isa = PBXFileReference; lastKnownFileType = sourcecode.swift; path = aprendendo_iosUITests.swift; sourceTree = "<group>"; };
		723CD18E2787538100549078 /* aprendendo_iosUITestsLaunchTests.swift */ = {isa = PBXFileReference; lastKnownFileType = sourcecode.swift; path = aprendendo_iosUITestsLaunchTests.swift; sourceTree = "<group>"; };
/* End PBXFileReference section */

/* Begin PBXFrameworksBuildPhase section */
		723CD1652787537B00549078 /* Frameworks */ = {
			isa = PBXFrameworksBuildPhase;
			buildActionMask = 2147483647;
			files = (
			);
			runOnlyForDeploymentPostprocessing = 0;
		};
		723CD17B2787538100549078 /* Frameworks */ = {
			isa = PBXFrameworksBuildPhase;
			buildActionMask = 2147483647;
			files = (
			);
			runOnlyForDeploymentPostprocessing = 0;
		};
		723CD1852787538100549078 /* Frameworks */ = {
			isa = PBXFrameworksBuildPhase;
			buildActionMask = 2147483647;
			files = (
			);
			runOnlyForDeploymentPostprocessing = 0;
		};
/* End PBXFrameworksBuildPhase section */

/* Begin PBXGroup section */
		723CD15F2787537B00549078 = {
			isa = PBXGroup;
			children = (
				723CD16A2787537B00549078 /* aprendendo-ios */,
				723CD1812787538100549078 /* aprendendo-iosTests */,
				723CD18B2787538100549078 /* aprendendo-iosUITests */,
				723CD1692787537B00549078 /* Products */,
			);
			sourceTree = "<group>";
		};
		723CD1692787537B00549078 /* Products */ = {
			isa = PBXGroup;
			children = (
				723CD1682787537B00549078 /* aprendendo-ios.app */,
				723CD17E2787538100549078 /* aprendendo-iosTests.xctest */,
				723CD1882787538100549078 /* aprendendo-iosUITests.xctest */,
			);
			name = Products;
			sourceTree = "<group>";
		};
		723CD16A2787537B00549078 /* aprendendo-ios */ = {
			isa = PBXGroup;
			children = (
				723CD16B2787537B00549078 /* AppDelegate.swift */,
				723CD16D2787537B00549078 /* SceneDelegate.swift */,
				723CD16F2787537B00549078 /* ViewController.swift */,
				723CD1712787537B00549078 /* Main.storyboard */,
				723CD1742787538000549078 /* Assets.xcassets */,
				723CD1762787538000549078 /* LaunchScreen.storyboard */,
				723CD1792787538000549078 /* Info.plist */,
			);
			path = "aprendendo-ios";
			sourceTree = "<group>";
		};
		723CD1812787538100549078 /* aprendendo-iosTests */ = {
			isa = PBXGroup;
			children = (
				723CD1822787538100549078 /* aprendendo_iosTests.swift */,
			);
			path = "aprendendo-iosTests";
			sourceTree = "<group>";
		};
		723CD18B2787538100549078 /* aprendendo-iosUITests */ = {
			isa = PBXGroup;
			children = (
				723CD18C2787538100549078 /* aprendendo_iosUITests.swift */,
				723CD18E2787538100549078 /* aprendendo_iosUITestsLaunchTests.swift */,
			);
			path = "aprendendo-iosUITests";
			sourceTree = "<group>";
		};
/* End PBXGroup section */

/* Begin PBXNativeTarget section */
		723CD1672787537B00549078 /* aprendendo-ios */ = {
			isa = PBXNativeTarget;
			buildConfigurationList = 723CD1922787538100549078 /* Build configuration list for PBXNativeTarget "aprendendo-ios" */;
			buildPhases = (
				723CD1642787537B00549078 /* Sources */,
				723CD1652787537B00549078 /* Frameworks */,
				723CD1662787537B00549078 /* Resources */,
			);
			buildRules = (
			);
			dependencies = (
			);
			name = "aprendendo-ios";
			productName = "aprendendo-ios";
			productReference = 723CD1682787537B00549078 /* aprendendo-ios.app */;
			productType = "com.apple.product-type.application";
		};
		723CD17D2787538100549078 /* aprendendo-iosTests */ = {
			isa = PBXNativeTarget;
			buildConfigurationList = 723CD1952787538100549078 /* Build configuration list for PBXNativeTarget "aprendendo-iosTests" */;
			buildPhases = (
				723CD17A2787538100549078 /* Sources */,
				723CD17B2787538100549078 /* Frameworks */,
				723CD17C2787538100549078 /* Resources */,
			);
			buildRules = (
			);
			dependencies = (
				723CD1802787538100549078 /* PBXTargetDependency */,
			);
			name = "aprendendo-iosTests";
			productName = "aprendendo-iosTests";
			productReference = 723CD17E2787538100549078 /* aprendendo-iosTests.xctest */;
			productType = "com.apple.product-type.bundle.unit-test";
		};
		723CD1872787538100549078 /* aprendendo-iosUITests */ = {
			isa = PBXNativeTarget;
			buildConfigurationList = 723CD1982787538100549078 /* Build configuration list for PBXNativeTarget "aprendendo-iosUITests" */;
			buildPhases = (
				723CD1842787538100549078 /* Sources */,
				723CD1852787538100549078 /* Frameworks */,
				723CD1862787538100549078 /* Resources */,
			);
			buildRules = (
			);
			dependencies = (
				723CD18A2787538100549078 /* PBXTargetDependency */,
			);
			name = "aprendendo-iosUITests";
			productName = "aprendendo-iosUITests";
			productReference = 723CD1882787538100549078 /* aprendendo-iosUITests.xctest */;
			productType = "com.apple.product-type.bundle.ui-testing";
		};
/* End PBXNativeTarget section */

/* Begin PBXProject section */
		723CD1602787537B00549078 /* Project object */ = {
			isa = PBXProject;
			attributes = {
				BuildIndependentTargetsInParallel = 1;
				LastSwiftUpdateCheck = 1320;
				LastUpgradeCheck = 1320;
				TargetAttributes = {
					723CD1672787537B00549078 = {
						CreatedOnToolsVersion = 13.2.1;
					};
					723CD17D2787538100549078 = {
						CreatedOnToolsVersion = 13.2.1;
						TestTargetID = 723CD1672787537B00549078;
					};
					723CD1872787538100549078 = {
						CreatedOnToolsVersion = 13.2.1;
						TestTargetID = 723CD1672787537B00549078;
					};
				};
			};
			buildConfigurationList = 723CD1632787537B00549078 /* Build configuration list for PBXProject "aprendendo-ios" */;
			compatibilityVersion = "Xcode 13.0";
			developmentRegion = en;
			hasScannedForEncodings = 0;
			knownRegions = (
				en,
				Base,
			);
			mainGroup = 723CD15F2787537B00549078;
			productRefGroup = 723CD1692787537B00549078 /* Products */;
			projectDirPath = "";
			projectRoot = "";
			targets = (
				723CD1672787537B00549078 /* aprendendo-ios */,
				723CD17D2787538100549078 /* aprendendo-iosTests */,
				723CD1872787538100549078 /* aprendendo-iosUITests */,
			);
		};
/* End PBXProject section */

/* Begin PBXResourcesBuildPhase section */
		723CD1662787537B00549078 /* Resources */ = {
			isa = PBXResourcesBuildPhase;
			buildActionMask = 2147483647;
			files = (
				723CD1782787538000549078 /* LaunchScreen.storyboard in Resources */,
				723CD1752787538000549078 /* Assets.xcassets in Resources */,
				723CD1732787537B00549078 /* Main.storyboard in Resources */,
			);
			runOnlyForDeploymentPostprocessing = 0;
		};
		723CD17C2787538100549078 /* Resources */ = {
			isa = PBXResourcesBuildPhase;
			buildActionMask = 2147483647;
			files = (
			);
			runOnlyForDeploymentPostprocessing = 0;
		};
		723CD1862787538100549078 /* Resources */ = {
			isa = PBXResourcesBuildPhase;
			buildActionMask = 2147483647;
			files = (
			);
			runOnlyForDeploymentPostprocessing = 0;
		};
/* End PBXResourcesBuildPhase section */

/* Begin PBXSourcesBuildPhase section */
		723CD1642787537B00549078 /* Sources */ = {
			isa = PBXSourcesBuildPhase;
			buildActionMask = 2147483647;
			files = (
				723CD1702787537B00549078 /* ViewController.swift in Sources */,
				723CD16C2787537B00549078 /* AppDelegate.swift in Sources */,
				723CD16E2787537B00549078 /* SceneDelegate.swift in Sources */,
			);
			runOnlyForDeploymentPostprocessing = 0;
		};
		723CD17A2787538100549078 /* Sources */ = {
			isa = PBXSourcesBuildPhase;
			buildActionMask = 2147483647;
			files = (
				723CD1832787538100549078 /* aprendendo_iosTests.swift in Sources */,
			);
			runOnlyForDeploymentPostprocessing = 0;
		};
		723CD1842787538100549078 /* Sources */ = {
			isa = PBXSourcesBuildPhase;
			buildActionMask = 2147483647;
			files = (
				723CD18F2787538100549078 /* aprendendo_iosUITestsLaunchTests.swift in Sources */,
				723CD18D2787538100549078 /* aprendendo_iosUITests.swift in Sources */,
			);
			runOnlyForDeploymentPostprocessing = 0;
		};
/* End PBXSourcesBuildPhase section */

/* Begin PBXTargetDependency section */
		723CD1802787538100549078 /* PBXTargetDependency */ = {
			isa = PBXTargetDependency;
			target = 723CD1672787537B00549078 /* aprendendo-ios */;
			targetProxy = 723CD17F2787538100549078 /* PBXContainerItemProxy */;
		};
		723CD18A2787538100549078 /* PBXTargetDependency */ = {
			isa = PBXTargetDependency;
			target = 723CD1672787537B00549078 /* aprendendo-ios */;
			targetProxy = 723CD1892787538100549078 /* PBXContainerItemProxy */;
		};
/* End PBXTargetDependency section */

/* Begin PBXVariantGroup section */
		723CD1712787537B00549078 /* Main.storyboard */ = {
			isa = PBXVariantGroup;
			children = (
				723CD1722787537B00549078 /* Base */,
			);
			name = Main.storyboard;
			sourceTree = "<group>";
		};
		723CD1762787538000549078 /* LaunchScreen.storyboard */ = {
			isa = PBXVariantGroup;
			children = (
				723CD1772787538000549078 /* Base */,
			);
			name = LaunchScreen.storyboard;
			sourceTree = "<group>";
		};
/* End PBXVariantGroup section */

/* Begin XCBuildConfiguration section */
		723CD1902787538100549078 /* Debug */ = {
			isa = XCBuildConfiguration;
			buildSettings = {
				ALWAYS_SEARCH_USER_PATHS = NO;
				CLANG_ANALYZER_NONNULL = YES;
				CLANG_ANALYZER_NUMBER_OBJECT_CONVERSION = YES_AGGRESSIVE;
				CLANG_CXX_LANGUAGE_STANDARD = "gnu++17";
				CLANG_CXX_LIBRARY = "libc++";
				CLANG_ENABLE_MODULES = YES;
				CLANG_ENABLE_OBJC_ARC = YES;
				CLANG_ENABLE_OBJC_WEAK = YES;
				CLANG_WARN_BLOCK_CAPTURE_AUTORELEASING = YES;
				CLANG_WARN_BOOL_CONVERSION = YES;
				CLANG_WARN_COMMA = YES;
				CLANG_WARN_CONSTANT_CONVERSION = YES;
				CLANG_WARN_DEPRECATED_OBJC_IMPLEMENTATIONS = YES;
				CLANG_WARN_DIRECT_OBJC_ISA_USAGE = YES_ERROR;
				CLANG_WARN_DOCUMENTATION_COMMENTS = YES;
				CLANG_WARN_EMPTY_BODY = YES;
				CLANG_WARN_ENUM_CONVERSION = YES;
				CLANG_WARN_INFINITE_RECURSION = YES;
				CLANG_WARN_INT_CONVERSION = YES;
				CLANG_WARN_NON_LITERAL_NULL_CONVERSION = YES;
				CLANG_WARN_OBJC_IMPLICIT_RETAIN_SELF = YES;
				CLANG_WARN_OBJC_LITERAL_CONVERSION = YES;
				CLANG_WARN_OBJC_ROOT_CLASS = YES_ERROR;
				CLANG_WARN_QUOTED_INCLUDE_IN_FRAMEWORK_HEADER = YES;
				CLANG_WARN_RANGE_LOOP_ANALYSIS = YES;
				CLANG_WARN_STRICT_PROTOTYPES = YES;
				CLANG_WARN_SUSPICIOUS_MOVE = YES;
				CLANG_WARN_UNGUARDED_AVAILABILITY = YES_AGGRESSIVE;
				CLANG_WARN_UNREACHABLE_CODE = YES;
				CLANG_WARN__DUPLICATE_METHOD_MATCH = YES;
				COPY_PHASE_STRIP = NO;
				DEBUG_INFORMATION_FORMAT = dwarf;
				ENABLE_STRICT_OBJC_MSGSEND = YES;
				ENABLE_TESTABILITY = YES;
				GCC_C_LANGUAGE_STANDARD = gnu11;
				GCC_DYNAMIC_NO_PIC = NO;
				GCC_NO_COMMON_BLOCKS = YES;
				GCC_OPTIMIZATION_LEVEL = 0;
				GCC_PREPROCESSOR_DEFINITIONS = (
					"DEBUG=1",
					"$(inherited)",
				);
				GCC_WARN_64_TO_32_BIT_CONVERSION = YES;
				GCC_WARN_ABOUT_RETURN_TYPE = YES_ERROR;
				GCC_WARN_UNDECLARED_SELECTOR = YES;
				GCC_WARN_UNINITIALIZED_AUTOS = YES_AGGRESSIVE;
				GCC_WARN_UNUSED_FUNCTION = YES;
				GCC_WARN_UNUSED_VARIABLE = YES;
				IPHONEOS_DEPLOYMENT_TARGET = 15.2;
				MTL_ENABLE_DEBUG_INFO = INCLUDE_SOURCE;
				MTL_FAST_MATH = YES;
				ONLY_ACTIVE_ARCH = YES;
				SDKROOT = iphoneos;
				SWIFT_ACTIVE_COMPILATION_CONDITIONS = DEBUG;
				SWIFT_OPTIMIZATION_LEVEL = "-Onone";
			};
			name = Debug;
		};
		723CD1912787538100549078 /* Release */ = {
			isa = XCBuildConfiguration;
			buildSettings = {
				ALWAYS_SEARCH_USER_PATHS = NO;
				CLANG_ANALYZER_NONNULL = YES;
				CLANG_ANALYZER_NUMBER_OBJECT_CONVERSION = YES_AGGRESSIVE;
				CLANG_CXX_LANGUAGE_STANDARD = "gnu++17";
				CLANG_CXX_LIBRARY = "libc++";
				CLANG_ENABLE_MODULES = YES;
				CLANG_ENABLE_OBJC_ARC = YES;
				CLANG_ENABLE_OBJC_WEAK = YES;
				CLANG_WARN_BLOCK_CAPTURE_AUTORELEASING = YES;
				CLANG_WARN_BOOL_CONVERSION = YES;
				CLANG_WARN_COMMA = YES;
				CLANG_WARN_CONSTANT_CONVERSION = YES;
				CLANG_WARN_DEPRECATED_OBJC_IMPLEMENTATIONS = YES;
				CLANG_WARN_DIRECT_OBJC_ISA_USAGE = YES_ERROR;
				CLANG_WARN_DOCUMENTATION_COMMENTS = YES;
				CLANG_WARN_EMPTY_BODY = YES;
				CLANG_WARN_ENUM_CONVERSION = YES;
				CLANG_WARN_INFINITE_RECURSION = YES;
				CLANG_WARN_INT_CONVERSION = YES;
				CLANG_WARN_NON_LITERAL_NULL_CONVERSION = YES;
				CLANG_WARN_OBJC_IMPLICIT_RETAIN_SELF = YES;
				CLANG_WARN_OBJC_LITERAL_CONVERSION = YES;
				CLANG_WARN_OBJC_ROOT_CLASS = YES_ERROR;
				CLANG_WARN_QUOTED_INCLUDE_IN_FRAMEWORK_HEADER = YES;
				CLANG_WARN_RANGE_LOOP_ANALYSIS = YES;
				CLANG_WARN_STRICT_PROTOTYPES = YES;
				CLANG_WARN_SUSPICIOUS_MOVE = YES;
				CLANG_WARN_UNGUARDED_AVAILABILITY = YES_AGGRESSIVE;
				CLANG_WARN_UNREACHABLE_CODE = YES;
				CLANG_WARN__DUPLICATE_METHOD_MATCH = YES;
				COPY_PHASE_STRIP = NO;
				DEBUG_INFORMATION_FORMAT = "dwarf-with-dsym";
				ENABLE_NS_ASSERTIONS = NO;
				ENABLE_STRICT_OBJC_MSGSEND = YES;
				GCC_C_LANGUAGE_STANDARD = gnu11;
				GCC_NO_COMMON_BLOCKS = YES;
				GCC_WARN_64_TO_32_BIT_CONVERSION = YES;
				GCC_WARN_ABOUT_RETURN_TYPE = YES_ERROR;
				GCC_WARN_UNDECLARED_SELECTOR = YES;
				GCC_WARN_UNINITIALIZED_AUTOS = YES_AGGRESSIVE;
				GCC_WARN_UNUSED_FUNCTION = YES;
				GCC_WARN_UNUSED_VARIABLE = YES;
				IPHONEOS_DEPLOYMENT_TARGET = 15.2;
				MTL_ENABLE_DEBUG_INFO = NO;
				MTL_FAST_MATH = YES;
				SDKROOT = iphoneos;
				SWIFT_COMPILATION_MODE = wholemodule;
				SWIFT_OPTIMIZATION_LEVEL = "-O";
				VALIDATE_PRODUCT = YES;
			};
			name = Release;
		};
		723CD1932787538100549078 /* Debug */ = {
			isa = XCBuildConfiguration;
			buildSettings = {
				ASSETCATALOG_COMPILER_APPICON_NAME = AppIcon;
				ASSETCATALOG_COMPILER_GLOBAL_ACCENT_COLOR_NAME = AccentColor;
				CODE_SIGN_STYLE = Automatic;
				CURRENT_PROJECT_VERSION = 1;
				DEVELOPMENT_TEAM = 534HSG5B6J;
				GENERATE_INFOPLIST_FILE = YES;
				INFOPLIST_FILE = "aprendendo-ios/Info.plist";
				INFOPLIST_KEY_UIApplicationSupportsIndirectInputEvents = YES;
				INFOPLIST_KEY_UILaunchStoryboardName = LaunchScreen;
				INFOPLIST_KEY_UIMainStoryboardFile = Main;
				INFOPLIST_KEY_UISupportedInterfaceOrientations_iPad = "UIInterfaceOrientationPortrait UIInterfaceOrientationPortraitUpsideDown UIInterfaceOrientationLandscapeLeft UIInterfaceOrientationLandscapeRight";
				INFOPLIST_KEY_UISupportedInterfaceOrientations_iPhone = "UIInterfaceOrientationPortrait UIInterfaceOrientationLandscapeLeft UIInterfaceOrientationLandscapeRight";
				LD_RUNPATH_SEARCH_PATHS = (
					"$(inherited)",
					"@executable_path/Frameworks",
				);
				MARKETING_VERSION = 1.0;
				PRODUCT_BUNDLE_IDENTIFIER = "com.gft.aprendendo-ios";
				PRODUCT_NAME = "$(TARGET_NAME)";
				SWIFT_EMIT_LOC_STRINGS = YES;
				SWIFT_VERSION = 5.0;
				TARGETED_DEVICE_FAMILY = "1,2";
			};
			name = Debug;
		};
		723CD1942787538100549078 /* Release */ = {
			isa = XCBuildConfiguration;
			buildSettings = {
				ASSETCATALOG_COMPILER_APPICON_NAME = AppIcon;
				ASSETCATALOG_COMPILER_GLOBAL_ACCENT_COLOR_NAME = AccentColor;
				CODE_SIGN_STYLE = Automatic;
				CURRENT_PROJECT_VERSION = 1;
				DEVELOPMENT_TEAM = 534HSG5B6J;
				GENERATE_INFOPLIST_FILE = YES;
				INFOPLIST_FILE = "aprendendo-ios/Info.plist";
				INFOPLIST_KEY_UIApplicationSupportsIndirectInputEvents = YES;
				INFOPLIST_KEY_UILaunchStoryboardName = LaunchScreen;
				INFOPLIST_KEY_UIMainStoryboardFile = Main;
				INFOPLIST_KEY_UISupportedInterfaceOrientations_iPad = "UIInterfaceOrientationPortrait UIInterfaceOrientationPortraitUpsideDown UIInterfaceOrientationLandscapeLeft UIInterfaceOrientationLandscapeRight";
				INFOPLIST_KEY_UISupportedInterfaceOrientations_iPhone = "UIInterfaceOrientationPortrait UIInterfaceOrientationLandscapeLeft UIInterfaceOrientationLandscapeRight";
				LD_RUNPATH_SEARCH_PATHS = (
					"$(inherited)",
					"@executable_path/Frameworks",
				);
				MARKETING_VERSION = 1.0;
				PRODUCT_BUNDLE_IDENTIFIER = "com.gft.aprendendo-ios";
				PRODUCT_NAME = "$(TARGET_NAME)";
				SWIFT_EMIT_LOC_STRINGS = YES;
				SWIFT_VERSION = 5.0;
				TARGETED_DEVICE_FAMILY = "1,2";
			};
			name = Release;
		};
		723CD1962787538100549078 /* Debug */ = {
			isa = XCBuildConfiguration;
			buildSettings = {
				ALWAYS_EMBED_SWIFT_STANDARD_LIBRARIES = YES;
				BUNDLE_LOADER = "$(TEST_HOST)";
				CODE_SIGN_STYLE = Automatic;
				CURRENT_PROJECT_VERSION = 1;
				DEVELOPMENT_TEAM = 534HSG5B6J;
				GENERATE_INFOPLIST_FILE = YES;
				IPHONEOS_DEPLOYMENT_TARGET = 15.2;
				MARKETING_VERSION = 1.0;
				PRODUCT_BUNDLE_IDENTIFIER = "com.gft.aprendendo-iosTests";
				PRODUCT_NAME = "$(TARGET_NAME)";
				SWIFT_EMIT_LOC_STRINGS = NO;
				SWIFT_VERSION = 5.0;
				TARGETED_DEVICE_FAMILY = "1,2";
				TEST_HOST = "$(BUILT_PRODUCTS_DIR)/aprendendo-ios.app/aprendendo-ios";
			};
			name = Debug;
		};
		723CD1972787538100549078 /* Release */ = {
			isa = XCBuildConfiguration;
			buildSettings = {
				ALWAYS_EMBED_SWIFT_STANDARD_LIBRARIES = YES;
				BUNDLE_LOADER = "$(TEST_HOST)";
				CODE_SIGN_STYLE = Automatic;
				CURRENT_PROJECT_VERSION = 1;
				DEVELOPMENT_TEAM = 534HSG5B6J;
				GENERATE_INFOPLIST_FILE = YES;
				IPHONEOS_DEPLOYMENT_TARGET = 15.2;
				MARKETING_VERSION = 1.0;
				PRODUCT_BUNDLE_IDENTIFIER = "com.gft.aprendendo-iosTests";
				PRODUCT_NAME = "$(TARGET_NAME)";
				SWIFT_EMIT_LOC_STRINGS = NO;
				SWIFT_VERSION = 5.0;
				TARGETED_DEVICE_FAMILY = "1,2";
				TEST_HOST = "$(BUILT_PRODUCTS_DIR)/aprendendo-ios.app/aprendendo-ios";
			};
			name = Release;
		};
		723CD1992787538100549078 /* Debug */ = {
			isa = XCBuildConfiguration;
			buildSettings = {
				ALWAYS_EMBED_SWIFT_STANDARD_LIBRARIES = YES;
				CODE_SIGN_STYLE = Automatic;
				CURRENT_PROJECT_VERSION = 1;
				DEVELOPMENT_TEAM = 534HSG5B6J;
				GENERATE_INFOPLIST_FILE = YES;
				MARKETING_VERSION = 1.0;
				PRODUCT_BUNDLE_IDENTIFIER = "com.gft.aprendendo-iosUITests";
				PRODUCT_NAME = "$(TARGET_NAME)";
				SWIFT_EMIT_LOC_STRINGS = NO;
				SWIFT_VERSION = 5.0;
				TARGETED_DEVICE_FAMILY = "1,2";
				TEST_TARGET_NAME = "aprendendo-ios";
			};
			name = Debug;
		};
		723CD19A2787538100549078 /* Release */ = {
			isa = XCBuildConfiguration;
			buildSettings = {
				ALWAYS_EMBED_SWIFT_STANDARD_LIBRARIES = YES;
				CODE_SIGN_STYLE = Automatic;
				CURRENT_PROJECT_VERSION = 1;
				DEVELOPMENT_TEAM = 534HSG5B6J;
				GENERATE_INFOPLIST_FILE = YES;
				MARKETING_VERSION = 1.0;
				PRODUCT_BUNDLE_IDENTIFIER = "com.gft.aprendendo-iosUITests";
				PRODUCT_NAME = "$(TARGET_NAME)";
				SWIFT_EMIT_LOC_STRINGS = NO;
				SWIFT_VERSION = 5.0;
				TARGETED_DEVICE_FAMILY = "1,2";
				TEST_TARGET_NAME = "aprendendo-ios";
			};
			name = Release;
		};
/* End XCBuildConfiguration section */

/* Begin XCConfigurationList section */
		723CD1632787537B00549078 /* Build configuration list for PBXProject "aprendendo-ios" */ = {
			isa = XCConfigurationList;
			buildConfigurations = (
				723CD1902787538100549078 /* Debug */,
				723CD1912787538100549078 /* Release */,
			);
			defaultConfigurationIsVisible = 0;
			defaultConfigurationName = Release;
		};
		723CD1922787538100549078 /* Build configuration list for PBXNativeTarget "aprendendo-ios" */ = {
			isa = XCConfigurationList;
			buildConfigurations = (
				723CD1932787538100549078 /* Debug */,
				723CD1942787538100549078 /* Release */,
			);
			defaultConfigurationIsVisible = 0;
			defaultConfigurationName = Release;
		};
		723CD1952787538100549078 /* Build configuration list for PBXNativeTarget "aprendendo-iosTests" */ = {
			isa = XCConfigurationList;
			buildConfigurations = (
				723CD1962787538100549078 /* Debug */,
				723CD1972787538100549078 /* Release */,
			);
			defaultConfigurationIsVisible = 0;
			defaultConfigurationName = Release;
		};
		723CD1982787538100549078 /* Build configuration list for PBXNativeTarget "aprendendo-iosUITests" */ = {
			isa = XCConfigurationList;
			buildConfigurations = (
				723CD1992787538100549078 /* Debug */,
				723CD19A2787538100549078 /* Release */,
			);
			defaultConfigurationIsVisible = 0;
			defaultConfigurationName = Release;
		};
/* End XCConfigurationList section */
	};
	rootObject = 723CD1602787537B00549078 /* Project object */;
}
